
Microsoft Visual Studio Solution File, Format Version 12.00
# Visual Studio Version 17
VisualStudioVersion = 17.0.31903.59
MinimumVisualStudioVersion = 10.0.40219.1
Project("{FAE04EC0-301F-11D3-BF4B-00C04F79EFBC}") = "WinUpgradeDiag.Core", "src\WinUpgradeDiag.Core\WinUpgradeDiag.Core.csproj", "{BEF92260-2147-4DD3-A244-28F79BE432C1}"
EndProject
Project("{FAE04EC0-301F-11D3-BF4B-00C04F79EFBC}") = "WinUpgradeDiag.App", "src\WinUpgradeDiag.App\WinUpgradeDiag.App.csproj", "{C9BFF4CC-75B0-4DBE-9F31-6BD8D43B81D1}"
EndProject
Project("{FAE04EC0-301F-11D3-BF4B-00C04F79EFBC}") = "WinUpgradeDiag.Cli", "src\WinUpgradeDiag.Cli\WinUpgradeDiag.Cli.csproj", "{69604BBE-F5EF-43C2-96D7-09717FD7FEBB}"
EndProject
Project("{FAE04EC0-301F-11D3-BF4B-00C04F79EFBC}") = "WinUpgradeDiag.Tests", "tests\WinUpgradeDiag.Tests\WinUpgradeDiag.Tests.csproj", "{F9FE1418-91E2-4960-B208-E12D04E4574F}"
EndProject
Global
	GlobalSection(SolutionConfigurationPlatforms) = preSolution
		Debug|Any CPU = Debug|Any CPU
		Release|Any CPU = Release|Any CPU
	EndGlobalSection
	GlobalSection(ProjectConfigurationPlatforms) = postSolution
		{BEF92260-2147-4DD3-A244-28F79BE432C1}.Debug|Any CPU.ActiveCfg = Debug|Any CPU
		{BEF92260-2147-4DD3-A244-28F79BE432C1}.Debug|Any CPU.Build.0 = Debug|Any CPU
		{BEF92260-2147-4DD3-A244-28F79BE432C1}.Release|Any CPU.ActiveCfg = Release|Any CPU
		{BEF92260-2147-4DD3-A244-28F79BE432C1}.Release|Any CPU.Build.0 = Release|Any CPU
		{C9BFF4CC-75B0-4DBE-9F31-6BD8D43B81D1}.Debug|Any CPU.ActiveCfg = Debug|Any CPU
		{C9BFF4CC-75B0-4DBE-9F31-6BD8D43B81D1}.Debug|Any CPU.Build.0 = Debug|Any CPU
		{C9BFF4CC-75B0-4DBE-9F31-6BD8D43B81D1}.Release|Any CPU.ActiveCfg = Release|Any CPU
		{C9BFF4CC-75B0-4DBE-9F31-6BD8D43B81D1}.Release|Any CPU.Build.0 = Release|Any CPU
		{69604BBE-F5EF-43C2-96D7-09717FD7FEBB}.Debug|Any CPU.ActiveCfg = Debug|Any CPU
		{69604BBE-F5EF-43C2-96D7-09717FD7FEBB}.Debug|Any CPU.Build.0 = Debug|Any CPU
		{69604BBE-F5EF-43C2-96D7-09717FD7FEBB}.Release|Any CPU.ActiveCfg = Release|Any CPU
		{69604BBE-F5EF-43C2-96D7-09717FD7FEBB}.Release|Any CPU.Build.0 = Release|Any CPU
		{F9FE1418-91E2-4960-B208-E12D04E4574F}.Debug|Any CPU.ActiveCfg = Debug|Any CPU
		{F9FE1418-91E2-4960-B208-E12D04E4574F}.Debug|Any CPU.Build.0 = Debug|Any CPU
		{F9FE1418-91E2-4960-B208-E12D04E4574F}.Release|Any CPU.ActiveCfg = Release|Any CPU
		{F9FE1418-91E2-4960-B208-E12D04E4574F}.Release|Any CPU.Build.0 = Release|Any CPU
	EndGlobalSection
	GlobalSection(SolutionProperties) = preSolution
		HideSolutionNode = FALSE
	EndGlobalSection
	GlobalSection(ExtensibilityGlobals) = postSolution
		SolutionGuid = {F7818B8E-72AA-494A-8CD5-021E6CF67AE7}
	EndGlobalSection
EndGlobal
